{
  "name": "@statens-pensjonskasse/openapi-artifact-wrapper",
  "version": "0.0.3",
  "lockfileVersion": 3,
  "requires": true,
  "packages": {
    "": {
      "name": "@statens-pensjonskasse/openapi-artifact-wrapper",
      "version": "0.0.3",
      "license": "MIT",
      "bin": {
        "openapi-artifact-cli": "openapi-artifact-cli.mjs"
      },
      "engines": {
        "node": ">=20"
      }
    }
  }
}
